
Microsoft Visual Studio Solution File, Format Version 12.00
# Visual Studio 15
VisualStudioVersion = 15.0.26124.0
MinimumVisualStudioVersion = 15.0.26124.0
Project("{FAE04EC0-301F-11D3-BF4B-00C04F79EFBC}") = "Dashboard.Client", "Dashboard.Client\Dashboard.Client.csproj", "{A70FF232-4940-4615-B2E5-82C668701779}"
EndProject
Global
	GlobalSection(SolutionConfigurationPlatforms) = preSolution
		Debug|Any CPU = Debug|Any CPU
		Debug|x64 = Debug|x64
		Debug|x86 = Debug|x86
		Release|Any CPU = Release|Any CPU
		Release|x64 = Release|x64
		Release|x86 = Release|x86
	EndGlobalSection
	GlobalSection(SolutionProperties) = preSolution
		HideSolutionNode = FALSE
	EndGlobalSection
	GlobalSection(ProjectConfigurationPlatforms) = postSolution
		{C435DA72-6B80-479B-8A86-64D6BF1B3451}.Debug|Any CPU.ActiveCfg = Debug|Any CPU
		{C435DA72-6B80-479B-8A86-64D6BF1B3451}.Debug|Any CPU.Build.0 = Debug|Any CPU
		{C435DA72-6B80-479B-8A86-64D6BF1B3451}.Debug|x64.ActiveCfg = Debug|Any CPU
		{C435DA72-6B80-479B-8A86-64D6BF1B3451}.Debug|x64.Build.0 = Debug|Any CPU
		{C435DA72-6B80-479B-8A86-64D6BF1B3451}.Debug|x86.ActiveCfg = Debug|Any CPU
		{C435DA72-6B80-479B-8A86-64D6BF1B3451}.Debug|x86.Build.0 = Debug|Any CPU
		{C435DA72-6B80-479B-8A86-64D6BF1B3451}.Release|Any CPU.ActiveCfg = Release|Any CPU
		{C435DA72-6B80-479B-8A86-64D6BF1B3451}.Release|Any CPU.Build.0 = Release|Any CPU
		{C435DA72-6B80-479B-8A86-64D6BF1B3451}.Release|x64.ActiveCfg = Release|Any CPU
		{C435DA72-6B80-479B-8A86-64D6BF1B3451}.Release|x64.Build.0 = Release|Any CPU
		{C435DA72-6B80-479B-8A86-64D6BF1B3451}.Release|x86.ActiveCfg = Release|Any CPU
		{C435DA72-6B80-479B-8A86-64D6BF1B3451}.Release|x86.Build.0 = Release|Any CPU
		{A70FF232-4940-4615-B2E5-82C668701779}.Debug|Any CPU.ActiveCfg = Debug|Any CPU
		{A70FF232-4940-4615-B2E5-82C668701779}.Debug|Any CPU.Build.0 = Debug|Any CPU
		{A70FF232-4940-4615-B2E5-82C668701779}.Debug|x64.ActiveCfg = Debug|Any CPU
		{A70FF232-4940-4615-B2E5-82C668701779}.Debug|x64.Build.0 = Debug|Any CPU
		{A70FF232-4940-4615-B2E5-82C668701779}.Debug|x86.ActiveCfg = Debug|Any CPU
		{A70FF232-4940-4615-B2E5-82C668701779}.Debug|x86.Build.0 = Debug|Any CPU
		{A70FF232-4940-4615-B2E5-82C668701779}.Release|Any CPU.ActiveCfg = Release|Any CPU
		{A70FF232-4940-4615-B2E5-82C668701779}.Release|Any CPU.Build.0 = Release|Any CPU
		{A70FF232-4940-4615-B2E5-82C668701779}.Release|x64.ActiveCfg = Release|Any CPU
		{A70FF232-4940-4615-B2E5-82C668701779}.Release|x64.Build.0 = Release|Any CPU
		{A70FF232-4940-4615-B2E5-82C668701779}.Release|x86.ActiveCfg = Release|Any CPU
		{A70FF232-4940-4615-B2E5-82C668701779}.Release|x86.Build.0 = Release|Any CPU
	EndGlobalSection
EndGlobal
