
Microsoft Visual Studio Solution File, Format Version 12.00
# Visual Studio 15
VisualStudioVersion = 15.0.26124.0
MinimumVisualStudioVersion = 15.0.26124.0
Project("{FAE04EC0-301F-11D3-BF4B-00C04F79EFBC}") = "FlightFinder.State", "FlightFinder.State\FlightFinder.State.csproj", "{144D6C1A-2CC4-4781-BF84-375B7887D279}"
EndProject
Project("{FAE04EC0-301F-11D3-BF4B-00C04F79EFBC}") = "FlightFinder.View", "FlightFinder.View\FlightFinder.View.csproj", "{8BDE02DE-3F0A-40E5-AF80-641F6B5B8D50}"
EndProject
Project("{FAE04EC0-301F-11D3-BF4B-00C04F79EFBC}") = "FlightFinder.Browser.Host", "FlightFinder.Browser.Host\FlightFinder.Browser.Host.csproj", "{09E07108-2D62-4B3B-AC94-3FBB8ED7D872}"
EndProject
Project("{FAE04EC0-301F-11D3-BF4B-00C04F79EFBC}") = "FlightFinder.Server.Host", "FlightFinder.Server.Host\FlightFinder.Server.Host.csproj", "{3B0722BF-EBC3-4DD9-A59D-1E05AFB18463}"
EndProject
Project("{FAE04EC0-301F-11D3-BF4B-00C04F79EFBC}") = "FlightFinder.Tests", "FlightFinder.Tests\FlightFinder.Tests.csproj", "{00A49E86-0F6A-4A98-9561-5A1B77E186C9}"
EndProject
Global
	GlobalSection(SolutionConfigurationPlatforms) = preSolution
		Debug|Any CPU = Debug|Any CPU
		Debug|x64 = Debug|x64
		Debug|x86 = Debug|x86
		Release|Any CPU = Release|Any CPU
		Release|x64 = Release|x64
		Release|x86 = Release|x86
	EndGlobalSection
	GlobalSection(SolutionProperties) = preSolution
		HideSolutionNode = FALSE
	EndGlobalSection
	GlobalSection(ProjectConfigurationPlatforms) = postSolution
		{144D6C1A-2CC4-4781-BF84-375B7887D279}.Debug|Any CPU.ActiveCfg = Debug|Any CPU
		{144D6C1A-2CC4-4781-BF84-375B7887D279}.Debug|Any CPU.Build.0 = Debug|Any CPU
		{144D6C1A-2CC4-4781-BF84-375B7887D279}.Debug|x64.ActiveCfg = Debug|Any CPU
		{144D6C1A-2CC4-4781-BF84-375B7887D279}.Debug|x64.Build.0 = Debug|Any CPU
		{144D6C1A-2CC4-4781-BF84-375B7887D279}.Debug|x86.ActiveCfg = Debug|Any CPU
		{144D6C1A-2CC4-4781-BF84-375B7887D279}.Debug|x86.Build.0 = Debug|Any CPU
		{144D6C1A-2CC4-4781-BF84-375B7887D279}.Release|Any CPU.ActiveCfg = Release|Any CPU
		{144D6C1A-2CC4-4781-BF84-375B7887D279}.Release|Any CPU.Build.0 = Release|Any CPU
		{144D6C1A-2CC4-4781-BF84-375B7887D279}.Release|x64.ActiveCfg = Release|Any CPU
		{144D6C1A-2CC4-4781-BF84-375B7887D279}.Release|x64.Build.0 = Release|Any CPU
		{144D6C1A-2CC4-4781-BF84-375B7887D279}.Release|x86.ActiveCfg = Release|Any CPU
		{144D6C1A-2CC4-4781-BF84-375B7887D279}.Release|x86.Build.0 = Release|Any CPU
		{8BDE02DE-3F0A-40E5-AF80-641F6B5B8D50}.Debug|Any CPU.ActiveCfg = Debug|Any CPU
		{8BDE02DE-3F0A-40E5-AF80-641F6B5B8D50}.Debug|Any CPU.Build.0 = Debug|Any CPU
		{8BDE02DE-3F0A-40E5-AF80-641F6B5B8D50}.Debug|x64.ActiveCfg = Debug|Any CPU
		{8BDE02DE-3F0A-40E5-AF80-641F6B5B8D50}.Debug|x64.Build.0 = Debug|Any CPU
		{8BDE02DE-3F0A-40E5-AF80-641F6B5B8D50}.Debug|x86.ActiveCfg = Debug|Any CPU
		{8BDE02DE-3F0A-40E5-AF80-641F6B5B8D50}.Debug|x86.Build.0 = Debug|Any CPU
		{8BDE02DE-3F0A-40E5-AF80-641F6B5B8D50}.Release|Any CPU.ActiveCfg = Release|Any CPU
		{8BDE02DE-3F0A-40E5-AF80-641F6B5B8D50}.Release|Any CPU.Build.0 = Release|Any CPU
		{8BDE02DE-3F0A-40E5-AF80-641F6B5B8D50}.Release|x64.ActiveCfg = Release|Any CPU
		{8BDE02DE-3F0A-40E5-AF80-641F6B5B8D50}.Release|x64.Build.0 = Release|Any CPU
		{8BDE02DE-3F0A-40E5-AF80-641F6B5B8D50}.Release|x86.ActiveCfg = Release|Any CPU
		{8BDE02DE-3F0A-40E5-AF80-641F6B5B8D50}.Release|x86.Build.0 = Release|Any CPU
		{09E07108-2D62-4B3B-AC94-3FBB8ED7D872}.Debug|Any CPU.ActiveCfg = Debug|Any CPU
		{09E07108-2D62-4B3B-AC94-3FBB8ED7D872}.Debug|Any CPU.Build.0 = Debug|Any CPU
		{09E07108-2D62-4B3B-AC94-3FBB8ED7D872}.Debug|x64.ActiveCfg = Debug|Any CPU
		{09E07108-2D62-4B3B-AC94-3FBB8ED7D872}.Debug|x64.Build.0 = Debug|Any CPU
		{09E07108-2D62-4B3B-AC94-3FBB8ED7D872}.Debug|x86.ActiveCfg = Debug|Any CPU
		{09E07108-2D62-4B3B-AC94-3FBB8ED7D872}.Debug|x86.Build.0 = Debug|Any CPU
		{09E07108-2D62-4B3B-AC94-3FBB8ED7D872}.Release|Any CPU.ActiveCfg = Release|Any CPU
		{09E07108-2D62-4B3B-AC94-3FBB8ED7D872}.Release|Any CPU.Build.0 = Release|Any CPU
		{09E07108-2D62-4B3B-AC94-3FBB8ED7D872}.Release|x64.ActiveCfg = Release|Any CPU
		{09E07108-2D62-4B3B-AC94-3FBB8ED7D872}.Release|x64.Build.0 = Release|Any CPU
		{09E07108-2D62-4B3B-AC94-3FBB8ED7D872}.Release|x86.ActiveCfg = Release|Any CPU
		{09E07108-2D62-4B3B-AC94-3FBB8ED7D872}.Release|x86.Build.0 = Release|Any CPU
		{3B0722BF-EBC3-4DD9-A59D-1E05AFB18463}.Debug|Any CPU.ActiveCfg = Debug|Any CPU
		{3B0722BF-EBC3-4DD9-A59D-1E05AFB18463}.Debug|Any CPU.Build.0 = Debug|Any CPU
		{3B0722BF-EBC3-4DD9-A59D-1E05AFB18463}.Debug|x64.ActiveCfg = Debug|Any CPU
		{3B0722BF-EBC3-4DD9-A59D-1E05AFB18463}.Debug|x64.Build.0 = Debug|Any CPU
		{3B0722BF-EBC3-4DD9-A59D-1E05AFB18463}.Debug|x86.ActiveCfg = Debug|Any CPU
		{3B0722BF-EBC3-4DD9-A59D-1E05AFB18463}.Debug|x86.Build.0 = Debug|Any CPU
		{3B0722BF-EBC3-4DD9-A59D-1E05AFB18463}.Release|Any CPU.ActiveCfg = Release|Any CPU
		{3B0722BF-EBC3-4DD9-A59D-1E05AFB18463}.Release|Any CPU.Build.0 = Release|Any CPU
		{3B0722BF-EBC3-4DD9-A59D-1E05AFB18463}.Release|x64.ActiveCfg = Release|Any CPU
		{3B0722BF-EBC3-4DD9-A59D-1E05AFB18463}.Release|x64.Build.0 = Release|Any CPU
		{3B0722BF-EBC3-4DD9-A59D-1E05AFB18463}.Release|x86.ActiveCfg = Release|Any CPU
		{3B0722BF-EBC3-4DD9-A59D-1E05AFB18463}.Release|x86.Build.0 = Release|Any CPU
		{00A49E86-0F6A-4A98-9561-5A1B77E186C9}.Debug|Any CPU.ActiveCfg = Debug|Any CPU
		{00A49E86-0F6A-4A98-9561-5A1B77E186C9}.Debug|Any CPU.Build.0 = Debug|Any CPU
		{00A49E86-0F6A-4A98-9561-5A1B77E186C9}.Debug|x64.ActiveCfg = Debug|Any CPU
		{00A49E86-0F6A-4A98-9561-5A1B77E186C9}.Debug|x64.Build.0 = Debug|Any CPU
		{00A49E86-0F6A-4A98-9561-5A1B77E186C9}.Debug|x86.ActiveCfg = Debug|Any CPU
		{00A49E86-0F6A-4A98-9561-5A1B77E186C9}.Debug|x86.Build.0 = Debug|Any CPU
		{00A49E86-0F6A-4A98-9561-5A1B77E186C9}.Release|Any CPU.ActiveCfg = Release|Any CPU
		{00A49E86-0F6A-4A98-9561-5A1B77E186C9}.Release|Any CPU.Build.0 = Release|Any CPU
		{00A49E86-0F6A-4A98-9561-5A1B77E186C9}.Release|x64.ActiveCfg = Release|Any CPU
		{00A49E86-0F6A-4A98-9561-5A1B77E186C9}.Release|x64.Build.0 = Release|Any CPU
		{00A49E86-0F6A-4A98-9561-5A1B77E186C9}.Release|x86.ActiveCfg = Release|Any CPU
		{00A49E86-0F6A-4A98-9561-5A1B77E186C9}.Release|x86.Build.0 = Release|Any CPU
	EndGlobalSection
EndGlobal
