
Microsoft Visual Studio Solution File, Format Version 12.00
# Visual Studio 15
VisualStudioVersion = 15.0.26124.0
MinimumVisualStudioVersion = 15.0.26124.0
Project("{FAE04EC0-301F-11D3-BF4B-00C04F79EFBC}") = "FlightFinder.State", "FlightFinder.State\FlightFinder.State.csproj", "{2E3B8D9A-0508-47BF-8228-A99A7E46880D}"
EndProject
Project("{FAE04EC0-301F-11D3-BF4B-00C04F79EFBC}") = "FlightFinder.Tests", "FlightFinder.Tests\FlightFinder.Tests.csproj", "{6B1F3B71-324E-4F77-8D8D-E38C85EBAF18}"
EndProject
Project("{FAE04EC0-301F-11D3-BF4B-00C04F79EFBC}") = "FlightFinder.Client", "FlightFinder.Client\FlightFinder.Client.csproj", "{490B4EE7-8289-4008-96C8-F03B28C9A3BC}"
EndProject
Global
	GlobalSection(SolutionConfigurationPlatforms) = preSolution
		Debug|Any CPU = Debug|Any CPU
		Debug|x64 = Debug|x64
		Debug|x86 = Debug|x86
		Release|Any CPU = Release|Any CPU
		Release|x64 = Release|x64
		Release|x86 = Release|x86
	EndGlobalSection
	GlobalSection(SolutionProperties) = preSolution
		HideSolutionNode = FALSE
	EndGlobalSection
	GlobalSection(ProjectConfigurationPlatforms) = postSolution
		{2E3B8D9A-0508-47BF-8228-A99A7E46880D}.Debug|Any CPU.ActiveCfg = Debug|Any CPU
		{2E3B8D9A-0508-47BF-8228-A99A7E46880D}.Debug|Any CPU.Build.0 = Debug|Any CPU
		{2E3B8D9A-0508-47BF-8228-A99A7E46880D}.Debug|x64.ActiveCfg = Debug|Any CPU
		{2E3B8D9A-0508-47BF-8228-A99A7E46880D}.Debug|x64.Build.0 = Debug|Any CPU
		{2E3B8D9A-0508-47BF-8228-A99A7E46880D}.Debug|x86.ActiveCfg = Debug|Any CPU
		{2E3B8D9A-0508-47BF-8228-A99A7E46880D}.Debug|x86.Build.0 = Debug|Any CPU
		{2E3B8D9A-0508-47BF-8228-A99A7E46880D}.Release|Any CPU.ActiveCfg = Release|Any CPU
		{2E3B8D9A-0508-47BF-8228-A99A7E46880D}.Release|Any CPU.Build.0 = Release|Any CPU
		{2E3B8D9A-0508-47BF-8228-A99A7E46880D}.Release|x64.ActiveCfg = Release|Any CPU
		{2E3B8D9A-0508-47BF-8228-A99A7E46880D}.Release|x64.Build.0 = Release|Any CPU
		{2E3B8D9A-0508-47BF-8228-A99A7E46880D}.Release|x86.ActiveCfg = Release|Any CPU
		{2E3B8D9A-0508-47BF-8228-A99A7E46880D}.Release|x86.Build.0 = Release|Any CPU
		{6B1F3B71-324E-4F77-8D8D-E38C85EBAF18}.Debug|Any CPU.ActiveCfg = Debug|Any CPU
		{6B1F3B71-324E-4F77-8D8D-E38C85EBAF18}.Debug|Any CPU.Build.0 = Debug|Any CPU
		{6B1F3B71-324E-4F77-8D8D-E38C85EBAF18}.Debug|x64.ActiveCfg = Debug|Any CPU
		{6B1F3B71-324E-4F77-8D8D-E38C85EBAF18}.Debug|x64.Build.0 = Debug|Any CPU
		{6B1F3B71-324E-4F77-8D8D-E38C85EBAF18}.Debug|x86.ActiveCfg = Debug|Any CPU
		{6B1F3B71-324E-4F77-8D8D-E38C85EBAF18}.Debug|x86.Build.0 = Debug|Any CPU
		{6B1F3B71-324E-4F77-8D8D-E38C85EBAF18}.Release|Any CPU.ActiveCfg = Release|Any CPU
		{6B1F3B71-324E-4F77-8D8D-E38C85EBAF18}.Release|Any CPU.Build.0 = Release|Any CPU
		{6B1F3B71-324E-4F77-8D8D-E38C85EBAF18}.Release|x64.ActiveCfg = Release|Any CPU
		{6B1F3B71-324E-4F77-8D8D-E38C85EBAF18}.Release|x64.Build.0 = Release|Any CPU
		{6B1F3B71-324E-4F77-8D8D-E38C85EBAF18}.Release|x86.ActiveCfg = Release|Any CPU
		{6B1F3B71-324E-4F77-8D8D-E38C85EBAF18}.Release|x86.Build.0 = Release|Any CPU
		{490B4EE7-8289-4008-96C8-F03B28C9A3BC}.Debug|Any CPU.ActiveCfg = Debug|Any CPU
		{490B4EE7-8289-4008-96C8-F03B28C9A3BC}.Debug|Any CPU.Build.0 = Debug|Any CPU
		{490B4EE7-8289-4008-96C8-F03B28C9A3BC}.Debug|x64.ActiveCfg = Debug|Any CPU
		{490B4EE7-8289-4008-96C8-F03B28C9A3BC}.Debug|x64.Build.0 = Debug|Any CPU
		{490B4EE7-8289-4008-96C8-F03B28C9A3BC}.Debug|x86.ActiveCfg = Debug|Any CPU
		{490B4EE7-8289-4008-96C8-F03B28C9A3BC}.Debug|x86.Build.0 = Debug|Any CPU
		{490B4EE7-8289-4008-96C8-F03B28C9A3BC}.Release|Any CPU.ActiveCfg = Release|Any CPU
		{490B4EE7-8289-4008-96C8-F03B28C9A3BC}.Release|Any CPU.Build.0 = Release|Any CPU
		{490B4EE7-8289-4008-96C8-F03B28C9A3BC}.Release|x64.ActiveCfg = Release|Any CPU
		{490B4EE7-8289-4008-96C8-F03B28C9A3BC}.Release|x64.Build.0 = Release|Any CPU
		{490B4EE7-8289-4008-96C8-F03B28C9A3BC}.Release|x86.ActiveCfg = Release|Any CPU
		{490B4EE7-8289-4008-96C8-F03B28C9A3BC}.Release|x86.Build.0 = Release|Any CPU
	EndGlobalSection
EndGlobal
