
Microsoft Visual Studio Solution File, Format Version 12.00
# Visual Studio 15
VisualStudioVersion = 15.0.26124.0
MinimumVisualStudioVersion = 15.0.26124.0
Project("{FAE04EC0-301F-11D3-BF4B-00C04F79EFBC}") = "TodoApp.Client", "TodoApp.Client\TodoApp.Client.csproj", "{DBC5B7E9-6EC9-42A3-812F-684CCCAC06AA}"
EndProject
Project("{FAE04EC0-301F-11D3-BF4B-00C04F79EFBC}") = "TodoApp.State", "TodoApp.State\TodoApp.State.csproj", "{062CF1B2-9638-42D4-B6CA-D1FDC726F465}"
EndProject
Project("{FAE04EC0-301F-11D3-BF4B-00C04F79EFBC}") = "TodoApp.Tests", "TodoApp.Tests\TodoApp.Tests.csproj", "{2B39009A-2E8E-481C-B633-6C6E5D6F9E74}"
EndProject
Global
	GlobalSection(SolutionConfigurationPlatforms) = preSolution
		Debug|Any CPU = Debug|Any CPU
		Debug|x64 = Debug|x64
		Debug|x86 = Debug|x86
		Release|Any CPU = Release|Any CPU
		Release|x64 = Release|x64
		Release|x86 = Release|x86
	EndGlobalSection
	GlobalSection(SolutionProperties) = preSolution
		HideSolutionNode = FALSE
	EndGlobalSection
	GlobalSection(ProjectConfigurationPlatforms) = postSolution
		{DBC5B7E9-6EC9-42A3-812F-684CCCAC06AA}.Debug|Any CPU.ActiveCfg = Debug|Any CPU
		{DBC5B7E9-6EC9-42A3-812F-684CCCAC06AA}.Debug|Any CPU.Build.0 = Debug|Any CPU
		{DBC5B7E9-6EC9-42A3-812F-684CCCAC06AA}.Debug|x64.ActiveCfg = Debug|Any CPU
		{DBC5B7E9-6EC9-42A3-812F-684CCCAC06AA}.Debug|x64.Build.0 = Debug|Any CPU
		{DBC5B7E9-6EC9-42A3-812F-684CCCAC06AA}.Debug|x86.ActiveCfg = Debug|Any CPU
		{DBC5B7E9-6EC9-42A3-812F-684CCCAC06AA}.Debug|x86.Build.0 = Debug|Any CPU
		{DBC5B7E9-6EC9-42A3-812F-684CCCAC06AA}.Release|Any CPU.ActiveCfg = Release|Any CPU
		{DBC5B7E9-6EC9-42A3-812F-684CCCAC06AA}.Release|Any CPU.Build.0 = Release|Any CPU
		{DBC5B7E9-6EC9-42A3-812F-684CCCAC06AA}.Release|x64.ActiveCfg = Release|Any CPU
		{DBC5B7E9-6EC9-42A3-812F-684CCCAC06AA}.Release|x64.Build.0 = Release|Any CPU
		{DBC5B7E9-6EC9-42A3-812F-684CCCAC06AA}.Release|x86.ActiveCfg = Release|Any CPU
		{DBC5B7E9-6EC9-42A3-812F-684CCCAC06AA}.Release|x86.Build.0 = Release|Any CPU
		{062CF1B2-9638-42D4-B6CA-D1FDC726F465}.Debug|Any CPU.ActiveCfg = Debug|Any CPU
		{062CF1B2-9638-42D4-B6CA-D1FDC726F465}.Debug|Any CPU.Build.0 = Debug|Any CPU
		{062CF1B2-9638-42D4-B6CA-D1FDC726F465}.Debug|x64.ActiveCfg = Debug|Any CPU
		{062CF1B2-9638-42D4-B6CA-D1FDC726F465}.Debug|x64.Build.0 = Debug|Any CPU
		{062CF1B2-9638-42D4-B6CA-D1FDC726F465}.Debug|x86.ActiveCfg = Debug|Any CPU
		{062CF1B2-9638-42D4-B6CA-D1FDC726F465}.Debug|x86.Build.0 = Debug|Any CPU
		{062CF1B2-9638-42D4-B6CA-D1FDC726F465}.Release|Any CPU.ActiveCfg = Release|Any CPU
		{062CF1B2-9638-42D4-B6CA-D1FDC726F465}.Release|Any CPU.Build.0 = Release|Any CPU
		{062CF1B2-9638-42D4-B6CA-D1FDC726F465}.Release|x64.ActiveCfg = Release|Any CPU
		{062CF1B2-9638-42D4-B6CA-D1FDC726F465}.Release|x64.Build.0 = Release|Any CPU
		{062CF1B2-9638-42D4-B6CA-D1FDC726F465}.Release|x86.ActiveCfg = Release|Any CPU
		{062CF1B2-9638-42D4-B6CA-D1FDC726F465}.Release|x86.Build.0 = Release|Any CPU
		{2B39009A-2E8E-481C-B633-6C6E5D6F9E74}.Debug|Any CPU.ActiveCfg = Debug|Any CPU
		{2B39009A-2E8E-481C-B633-6C6E5D6F9E74}.Debug|Any CPU.Build.0 = Debug|Any CPU
		{2B39009A-2E8E-481C-B633-6C6E5D6F9E74}.Debug|x64.ActiveCfg = Debug|Any CPU
		{2B39009A-2E8E-481C-B633-6C6E5D6F9E74}.Debug|x64.Build.0 = Debug|Any CPU
		{2B39009A-2E8E-481C-B633-6C6E5D6F9E74}.Debug|x86.ActiveCfg = Debug|Any CPU
		{2B39009A-2E8E-481C-B633-6C6E5D6F9E74}.Debug|x86.Build.0 = Debug|Any CPU
		{2B39009A-2E8E-481C-B633-6C6E5D6F9E74}.Release|Any CPU.ActiveCfg = Release|Any CPU
		{2B39009A-2E8E-481C-B633-6C6E5D6F9E74}.Release|Any CPU.Build.0 = Release|Any CPU
		{2B39009A-2E8E-481C-B633-6C6E5D6F9E74}.Release|x64.ActiveCfg = Release|Any CPU
		{2B39009A-2E8E-481C-B633-6C6E5D6F9E74}.Release|x64.Build.0 = Release|Any CPU
		{2B39009A-2E8E-481C-B633-6C6E5D6F9E74}.Release|x86.ActiveCfg = Release|Any CPU
		{2B39009A-2E8E-481C-B633-6C6E5D6F9E74}.Release|x86.Build.0 = Release|Any CPU
	EndGlobalSection
EndGlobal
